
Microsoft Visual Studio Solution File, Format Version 12.00
# Visual Studio Version 16
VisualStudioVersion = 16.0.30330.147
MinimumVisualStudioVersion = 10.0.40219.1
Project("{FAE04EC0-301F-11D3-BF4B-00C04F79EFBC}") = "BirdwachingApi", "BirdwachingApi.csproj", "{6836BA17-F92B-465C-9749-283648961252}"
EndProject
Global
	GlobalSection(SolutionConfigurationPlatforms) = preSolution
		Debug|Any CPU = Debug|Any CPU
		Release|Any CPU = Release|Any CPU
	EndGlobalSection
	GlobalSection(ProjectConfigurationPlatforms) = postSolution
		{6836BA17-F92B-465C-9749-283648961252}.Debug|Any CPU.ActiveCfg = Debug|Any CPU
		{6836BA17-F92B-465C-9749-283648961252}.Debug|Any CPU.Build.0 = Debug|Any CPU
		{6836BA17-F92B-465C-9749-283648961252}.Release|Any CPU.ActiveCfg = Release|Any CPU
		{6836BA17-F92B-465C-9749-283648961252}.Release|Any CPU.Build.0 = Release|Any CPU
	EndGlobalSection
	GlobalSection(SolutionProperties) = preSolution
		HideSolutionNode = FALSE
	EndGlobalSection
	GlobalSection(ExtensibilityGlobals) = postSolution
		SolutionGuid = {F041C902-C9DA-4BD9-92DB-446741EC720B}
	EndGlobalSection
EndGlobal
